
Microsoft Visual Studio Solution File, Format Version 12.00
# Visual Studio Version 17
VisualStudioVersion = 17.8.34330.188
MinimumVisualStudioVersion = 10.0.40219.1
Project("{FAE04EC0-301F-11D3-BF4B-00C04F79EFBC}") = "DropshipAutodropsItems", "DropshipAutodropsItems.csproj", "{875DD132-2E87-4FCB-A128-F9650873AD7C}"
EndProject
Global
	GlobalSection(SolutionConfigurationPlatforms) = preSolution
		Debug|Any CPU = Debug|Any CPU
		Release|Any CPU = Release|Any CPU
	EndGlobalSection
	GlobalSection(ProjectConfigurationPlatforms) = postSolution
		{875DD132-2E87-4FCB-A128-F9650873AD7C}.Debug|Any CPU.ActiveCfg = Debug|Any CPU
		{875DD132-2E87-4FCB-A128-F9650873AD7C}.Debug|Any CPU.Build.0 = Debug|Any CPU
		{875DD132-2E87-4FCB-A128-F9650873AD7C}.Release|Any CPU.ActiveCfg = Release|Any CPU
		{875DD132-2E87-4FCB-A128-F9650873AD7C}.Release|Any CPU.Build.0 = Release|Any CPU
	EndGlobalSection
	GlobalSection(SolutionProperties) = preSolution
		HideSolutionNode = FALSE
	EndGlobalSection
	GlobalSection(ExtensibilityGlobals) = postSolution
		SolutionGuid = {8C31C54C-F244-4559-8458-B2456B8809F9}
	EndGlobalSection
EndGlobal
